// !$*UTF8*$!
{
	archiveVersion = 1;
	classes = {
	};
	objectVersion = 56;
	objects = {

/* Begin PBXBuildFile section */
		F2066FA22B2E87820016F70B /* Kingdom Hearts - OST.mp3 in Resources */ = {isa = PBXBuildFile; fileRef = F2066FA12B2E87820016F70B /* Kingdom Hearts - OST.mp3 */; };
		F2183AF82B13DD2F00FC3A54 /* README.txt in Resources */ = {isa = PBXBuildFile; fileRef = F2183AF72B13DD2F00FC3A54 /* README.txt */; };
		F2183AFA2B13DE7B00FC3A54 /* multiMAN Soundtrack (Official).mp3 in Resources */ = {isa = PBXBuildFile; fileRef = F2183AF92B13DE7B00FC3A54 /* multiMAN Soundtrack (Official).mp3 */; };
		F21AA16F2B2533C40067DDCD /* FavoritesAlbumViewController.swift in Sources */ = {isa = PBXBuildFile; fileRef = F21AA16E2B2533C40067DDCD /* FavoritesAlbumViewController.swift */; };
		F21AA1712B254DB60067DDCD /* (Key) MW2 Terminal +1100.mp4 in Resources */ = {isa = PBXBuildFile; fileRef = F21AA1702B254DB50067DDCD /* (Key) MW2 Terminal +1100.mp4 */; };
		F21AA1732B254DE20067DDCD /* (Key) MW2 Derail Knife shot.mp4 in Resources */ = {isa = PBXBuildFile; fileRef = F21AA1722B254DE20067DDCD /* (Key) MW2 Derail Knife shot.mp4 */; };
		F21AA1752B254DEF0067DDCD /* (Key) MW2 Rust Black hawk Down.mp4 in Resources */ = {isa = PBXBuildFile; fileRef = F21AA1742B254DEF0067DDCD /* (Key) MW2 Rust Black hawk Down.mp4 */; };
		F21AA1792B2551A20067DDCD /* (Key) +550 Terminal.mp4 in Resources */ = {isa = PBXBuildFile; fileRef = F21AA1782B2551A20067DDCD /* (Key) +550 Terminal.mp4 */; };
		F21AA17B2B255E510067DDCD /* Stranger Things Theme Song (C418 REMIX).mp3 in Resources */ = {isa = PBXBuildFile; fileRef = F21AA17A2B255E510067DDCD /* Stranger Things Theme Song (C418 REMIX).mp3 */; };
		F21AA17D2B25675B0067DDCD /* ColdbootNewest.wav in Resources */ = {isa = PBXBuildFile; fileRef = F21AA17C2B25675B0067DDCD /* ColdbootNewest.wav */; };
		F21AA17F2B2567640067DDCD /* lobbyMusic.wav in Resources */ = {isa = PBXBuildFile; fileRef = F21AA17E2B2567640067DDCD /* lobbyMusic.wav */; };
		F21AA1812B2568370067DDCD /* cold0.wav in Resources */ = {isa = PBXBuildFile; fileRef = F21AA1802B2568370067DDCD /* cold0.wav */; };
		F22204B52B2AADE1005282A8 /* changelog.swift in Sources */ = {isa = PBXBuildFile; fileRef = F22204B42B2AADE1005282A8 /* changelog.swift */; };
		F22204B72B2AAF13005282A8 /* feat unlocked.wav in Resources */ = {isa = PBXBuildFile; fileRef = F22204B62B2AAF13005282A8 /* feat unlocked.wav */; };
		F22BDA2E2B09EE2600905AB1 /* titleSong.wav in Resources */ = {isa = PBXBuildFile; fileRef = F22BDA2D2B09EE2600905AB1 /* titleSong.wav */; };
		F231DC072B12C8100007C748 /* Okean Elzi  -  Obnimi (Callmearco Remix).mp3 in Resources */ = {isa = PBXBuildFile; fileRef = F231DC062B12C8100007C748 /* Okean Elzi  -  Obnimi (Callmearco Remix).mp3 */; };
		F231DC092B12C8D30007C748 /* UpdateInstallViewController.swift in Sources */ = {isa = PBXBuildFile; fileRef = F231DC082B12C8D30007C748 /* UpdateInstallViewController.swift */; };
		F2367E5A2B0C59C2002AA348 /* CFW.png in Resources */ = {isa = PBXBuildFile; fileRef = F2367E592B0C59C2002AA348 /* CFW.png */; };
		F2367E5C2B0C59DA002AA348 /* packageInstallerIcon.png in Resources */ = {isa = PBXBuildFile; fileRef = F2367E5B2B0C59DA002AA348 /* packageInstallerIcon.png */; };
		F2367E5E2B0C59E5002AA348 /* patched.jpeg in Resources */ = {isa = PBXBuildFile; fileRef = F2367E5D2B0C59E5002AA348 /* patched.jpeg */; };
		F2367E602B0C59EF002AA348 /* supporterToken.png in Resources */ = {isa = PBXBuildFile; fileRef = F2367E5F2B0C59EF002AA348 /* supporterToken.png */; };
		F2367E622B0C59FA002AA348 /* systemSettingsInstall.png in Resources */ = {isa = PBXBuildFile; fileRef = F2367E612B0C59FA002AA348 /* systemSettingsInstall.png */; };
		F2367E642B0C5A03002AA348 /* toolboxpkg.jpeg in Resources */ = {isa = PBXBuildFile; fileRef = F2367E632B0C5A03002AA348 /* toolboxpkg.jpeg */; };
		F2367E662B0C5A0C002AA348 /* toolboxScreenShot.png in Resources */ = {isa = PBXBuildFile; fileRef = F2367E652B0C5A0C002AA348 /* toolboxScreenShot.png */; };
		F2367E6A2B0C5A28002AA348 /* xspsxRuntime.png in Resources */ = {isa = PBXBuildFile; fileRef = F2367E692B0C5A28002AA348 /* xspsxRuntime.png */; };
		F2367E6C2B0C5CC8002AA348 /* stepOne.png in Resources */ = {isa = PBXBuildFile; fileRef = F2367E6B2B0C5CC7002AA348 /* stepOne.png */; };
		F2367E6E2B0C5E1D002AA348 /* devToken.png in Resources */ = {isa = PBXBuildFile; fileRef = F2367E6D2B0C5E1D002AA348 /* devToken.png */; };
		F238F5232B28DB370021B199 /* 18cyan.mp4 in Resources */ = {isa = PBXBuildFile; fileRef = F238F5222B28DB370021B199 /* 18cyan.mp4 */; };
		F238F5252B28E0A40021B199 /* Xray.mp4 in Resources */ = {isa = PBXBuildFile; fileRef = F238F5242B28E0A40021B199 /* Xray.mp4 */; };
		F238F5272B28E0AF0021B199 /* underwaterXMB.mp4 in Resources */ = {isa = PBXBuildFile; fileRef = F238F5262B28E0AF0021B199 /* underwaterXMB.mp4 */; };
		F238F5292B28E0B30021B199 /* starsXMB.mp4 in Resources */ = {isa = PBXBuildFile; fileRef = F238F5282B28E0B30021B199 /* starsXMB.mp4 */; };
		F238F52B2B28E5B40021B199 /* CustomSegmentedControlDelegate.swift in Sources */ = {isa = PBXBuildFile; fileRef = F238F52A2B28E5B40021B199 /* CustomSegmentedControlDelegate.swift */; };
		F23F35E92B170A3900D69D2E /* gentro.mp4 in Resources */ = {isa = PBXBuildFile; fileRef = F23F35E82B170A3800D69D2E /* gentro.mp4 */; };
		F2426A782B2FD270006156FB /* cyan4.mp4 in Resources */ = {isa = PBXBuildFile; fileRef = F2426A772B2FD26F006156FB /* cyan4.mp4 */; };
		F245D5EC2B0EEB12002A57CD /* about.html in Resources */ = {isa = PBXBuildFile; fileRef = F245D5EB2B0EEB12002A57CD /* about.html */; };
		F245D5EE2B0EEB1B002A57CD /* account.html in Resources */ = {isa = PBXBuildFile; fileRef = F245D5ED2B0EEB1B002A57CD /* account.html */; };
		F245D5F02B0EEB25002A57CD /* login.html in Resources */ = {isa = PBXBuildFile; fileRef = F245D5EF2B0EEB24002A57CD /* login.html */; };
		F245D5F22B0EEB52002A57CD /* profile.jpeg in Resources */ = {isa = PBXBuildFile; fileRef = F245D5F12B0EEB52002A57CD /* profile.jpeg */; };
		F245D5F62B0EF221002A57CD /* Safe House by Feather.mp3 in Resources */ = {isa = PBXBuildFile; fileRef = F245D5F52B0EF220002A57CD /* Safe House by Feather.mp3 */; };
		F245D5FE2B0F031D002A57CD /* tomowatchi.png in Resources */ = {isa = PBXBuildFile; fileRef = F245D5FD2B0F031D002A57CD /* tomowatchi.png */; };
		F245D6002B0F0327002A57CD /* TomoWatchiIcon.png in Resources */ = {isa = PBXBuildFile; fileRef = F245D5FF2B0F0327002A57CD /* TomoWatchiIcon.png */; };
		F25284D92B215B4C00384F20 /* pupFM0.png in Resources */ = {isa = PBXBuildFile; fileRef = F25284D82B215B4C00384F20 /* pupFM0.png */; };
		F2711F882B20317000FA56DA /* epponDreamy.wav in Resources */ = {isa = PBXBuildFile; fileRef = F2711F872B20317000FA56DA /* epponDreamy.wav */; };
		F2711F8A2B20317700FA56DA /* epponStyle.wav in Resources */ = {isa = PBXBuildFile; fileRef = F2711F892B20317700FA56DA /* epponStyle.wav */; };
		F280D7562B27C983005690CF /* PlayStation 4 System Music - OFFICIAL Home Menu (HIGH QUALITY).mp3 in Resources */ = {isa = PBXBuildFile; fileRef = F280D7552B27C983005690CF /* PlayStation 4 System Music - OFFICIAL Home Menu (HIGH QUALITY).mp3 */; };
		F280D7702B27E0B0005690CF /* 17cyan.mp4 in Resources */ = {isa = PBXBuildFile; fileRef = F280D76F2B27E0B0005690CF /* 17cyan.mp4 */; };
		F280D7722B27F097005690CF /* AchievementManager.swift in Sources */ = {isa = PBXBuildFile; fileRef = F280D7712B27F097005690CF /* AchievementManager.swift */; };
		F29510542B098DD100FA33C3 /* Game Game in Resources */ = {isa = PBXBuildFile; fileRef = F29510532B098DD100FA33C3 /* Game Game */; };
		F2A321EB2A775D4400CA39C6 /* rsxXploit.png in Resources */ = {isa = PBXBuildFile; fileRef = F2A321EA2A775D4400CA39C6 /* rsxXploit.png */; };
		F2A321ED2A775DD000CA39C6 /* cutie.png in Resources */ = {isa = PBXBuildFile; fileRef = F2A321EC2A775DD000CA39C6 /* cutie.png */; };
		F2A321F32A77795A00CA39C6 /* sexySelect.wav in Resources */ = {isa = PBXBuildFile; fileRef = F2A321F22A77795A00CA39C6 /* sexySelect.wav */; };
		F2B325202A6F9AD70054B5CB /* WebKit.framework in Frameworks */ = {isa = PBXBuildFile; fileRef = F2B3251F2A6F9AD70054B5CB /* WebKit.framework */; };
		F2B325222A6FA1520054B5CB /* WebViewController.swift in Sources */ = {isa = PBXBuildFile; fileRef = F2B325212A6FA1520054B5CB /* WebViewController.swift */; };
		F2B3FC342B0DC40F00EF1530 /* landscapeInjector.jpeg in Resources */ = {isa = PBXBuildFile; fileRef = F2B3FC332B0DC40F00EF1530 /* landscapeInjector.jpeg */; };
		F2B3FC382B0DC6DC00EF1530 /* safari0.jpeg in Resources */ = {isa = PBXBuildFile; fileRef = F2B3FC372B0DC6DC00EF1530 /* safari0.jpeg */; };
		F2B3FC442B0DF36200EF1530 /* xstore.png in Resources */ = {isa = PBXBuildFile; fileRef = F2B3FC432B0DF36100EF1530 /* xstore.png */; };
		F2B3FC482B0DF38C00EF1530 /* gameplay.png in Resources */ = {isa = PBXBuildFile; fileRef = F2B3FC472B0DF38C00EF1530 /* gameplay.png */; };
		F2B3FC4A2B0DF39700EF1530 /* gameOver.png in Resources */ = {isa = PBXBuildFile; fileRef = F2B3FC492B0DF39700EF1530 /* gameOver.png */; };
		F2B3FC4C2B0DF3A700EF1530 /* eternalKingdomsIcon.png in Resources */ = {isa = PBXBuildFile; fileRef = F2B3FC4B2B0DF3A700EF1530 /* eternalKingdomsIcon.png */; };
		F2B3FC502B0DF56700EF1530 /* gameZero.png in Resources */ = {isa = PBXBuildFile; fileRef = F2B3FC4F2B0DF56700EF1530 /* gameZero.png */; };
		F2BAA2B22A70D71600530BDB /* SystemSettingsViewController.swift in Sources */ = {isa = PBXBuildFile; fileRef = F2BAA2B12A70D71600530BDB /* SystemSettingsViewController.swift */; };
		F2BAA2B42A70F78D00530BDB /* AudioManager.swift in Sources */ = {isa = PBXBuildFile; fileRef = F2BAA2B32A70F78D00530BDB /* AudioManager.swift */; };
		F2BAA2BC2A717D0B00530BDB /* selectCute.wav in Resources */ = {isa = PBXBuildFile; fileRef = F2BAA2BB2A717D0A00530BDB /* selectCute.wav */; };
		F2BAA2BE2A719A8A00530BDB /* selectCute2.wav in Resources */ = {isa = PBXBuildFile; fileRef = F2BAA2BD2A719A8A00530BDB /* selectCute2.wav */; };
		F2BAA2C42A71A66A00530BDB /* coldbootFinal.wav in Resources */ = {isa = PBXBuildFile; fileRef = F2BAA2C32A71A66A00530BDB /* coldbootFinal.wav */; };
		F2BAA2D82A7216EB00530BDB /* JailbreakManager.swift in Sources */ = {isa = PBXBuildFile; fileRef = F2BAA2D72A7216EB00530BDB /* JailbreakManager.swift */; };
		F2BAA2E02A72379F00530BDB /* Back.wav in Resources */ = {isa = PBXBuildFile; fileRef = F2BAA2DF2A72379F00530BDB /* Back.wav */; };
		F2BB1A8D2B1EC84700C99C1D /* eternalKingdoms.png in Resources */ = {isa = PBXBuildFile; fileRef = F2BB1A8C2B1EC84700C99C1D /* eternalKingdoms.png */; };
		F2BB1A8F2B1EC90A00C99C1D /* toolboxBest0.png in Resources */ = {isa = PBXBuildFile; fileRef = F2BB1A8E2B1EC90A00C99C1D /* toolboxBest0.png */; };
		F2BB1A912B1EC92700C99C1D /* spoofer0.png in Resources */ = {isa = PBXBuildFile; fileRef = F2BB1A902B1EC92700C99C1D /* spoofer0.png */; };
		F2BB1A932B1EC9F600C99C1D /* pkg0.png in Resources */ = {isa = PBXBuildFile; fileRef = F2BB1A922B1EC9F600C99C1D /* pkg0.png */; };
		F2BB1A952B1ED11400C99C1D /* safari01.png in Resources */ = {isa = PBXBuildFile; fileRef = F2BB1A942B1ED11400C99C1D /* safari01.png */; };
		F2BB1A972B1ED17A00C99C1D /* 111dex.jpeg in Resources */ = {isa = PBXBuildFile; fileRef = F2BB1A962B1ED17900C99C1D /* 111dex.jpeg */; };
		F2BB1A992B1ED25800C99C1D /* 111Toolbox.jpeg in Resources */ = {isa = PBXBuildFile; fileRef = F2BB1A982B1ED25800C99C1D /* 111Toolbox.jpeg */; };
		F2BB1A9B2B1ED38700C99C1D /* vision.png in Resources */ = {isa = PBXBuildFile; fileRef = F2BB1A9A2B1ED38700C99C1D /* vision.png */; };
		F2BB1A9D2B1ED65C00C99C1D /* pupIcon0.png in Resources */ = {isa = PBXBuildFile; fileRef = F2BB1A9C2B1ED65C00C99C1D /* pupIcon0.png */; };
		F2BB1A9F2B1ED9A200C99C1D /* SpooferViewController.swift in Sources */ = {isa = PBXBuildFile; fileRef = F2BB1A9E2B1ED9A200C99C1D /* SpooferViewController.swift */; };
		F2BB1AA12B1EE25000C99C1D /* SystemData.swift in Sources */ = {isa = PBXBuildFile; fileRef = F2BB1AA02B1EE25000C99C1D /* SystemData.swift */; };
		F2BBD5042A688C2500DB2B9C /* GameBootViewController.swift in Sources */ = {isa = PBXBuildFile; fileRef = F2BBD5032A688C2500DB2B9C /* GameBootViewController.swift */; };
		F2BDEAD72A732A4500B172C8 /* xploit.png in Resources */ = {isa = PBXBuildFile; fileRef = F2BDEAD62A732A4500B172C8 /* xploit.png */; };
		F2BDEADD2A7358FE00B172C8 /* RsxToolboxViewController.swift in Sources */ = {isa = PBXBuildFile; fileRef = F2BDEADC2A7358FE00B172C8 /* RsxToolboxViewController.swift */; };
		F2BE76402A7A097D008261F5 /* toolboxIcon.png in Resources */ = {isa = PBXBuildFile; fileRef = F2BE763F2A7A097D008261F5 /* toolboxIcon.png */; };
		F2BE76442A7A0C3B008261F5 /* DesktopViewController.swift in Sources */ = {isa = PBXBuildFile; fileRef = F2BE76432A7A0C3B008261F5 /* DesktopViewController.swift */; };
		F2BE76462A7A0D7F008261F5 /* mouse pointer.png in Resources */ = {isa = PBXBuildFile; fileRef = F2BE76452A7A0D7F008261F5 /* mouse pointer.png */; };
		F2BE764A2A7A11F3008261F5 /* pupIcon.png in Resources */ = {isa = PBXBuildFile; fileRef = F2BE76492A7A11F3008261F5 /* pupIcon.png */; };
		F2C0B3112B2EC81400048D1C /* cold00.wav in Resources */ = {isa = PBXBuildFile; fileRef = F2C0B3102B2EC81400048D1C /* cold00.wav */; };
		F2C0B3132B2EC92100048D1C /* cold000.wav in Resources */ = {isa = PBXBuildFile; fileRef = F2C0B3122B2EC92100048D1C /* cold000.wav */; };
		F2C0B3152B2ED01000048D1C /* (Key) +500 Sub Base.mp4 in Resources */ = {isa = PBXBuildFile; fileRef = F2C0B3142B2ED01000048D1C /* (Key) +500 Sub Base.mp4 */; };
		F2C2C76F2B297B5F002DB087 /* psClick.wav in Resources */ = {isa = PBXBuildFile; fileRef = F2C2C76E2B297B5F002DB087 /* psClick.wav */; };
		F2C2C7712B298509002DB087 /* War Drums Meditation.mp3 in Resources */ = {isa = PBXBuildFile; fileRef = F2C2C7702B298509002DB087 /* War Drums Meditation.mp3 */; };
		F2CC91772B008C6400C927CC /* MusicPlayerViewController.swift in Sources */ = {isa = PBXBuildFile; fileRef = F2CC91762B008C6400C927CC /* MusicPlayerViewController.swift */; };
		F2CE85A42B3275E600E90745 /* AltKit in Frameworks */ = {isa = PBXBuildFile; productRef = F2CE85A32B3275E600E90745 /* AltKit */; };
		F2CE85A62B3282B900E90745 /* 5cyan.mp4 in Resources */ = {isa = PBXBuildFile; fileRef = F2CE85A52B3282B900E90745 /* 5cyan.mp4 */; };
		F2D15CBD2B0B01AC000D69D4 /* xspsxinjtr.png in Resources */ = {isa = PBXBuildFile; fileRef = F2D15CBC2B0B01AC000D69D4 /* xspsxinjtr.png */; };
		F2D15CBF2B0B026B000D69D4 /* xspsxinjtrClear.png in Resources */ = {isa = PBXBuildFile; fileRef = F2D15CBE2B0B026B000D69D4 /* xspsxinjtrClear.png */; };
		F2D43BA72B2027E7009820E7 /* MessageViewController.swift in Sources */ = {isa = PBXBuildFile; fileRef = F2D43BA62B2027E7009820E7 /* MessageViewController.swift */; };
		F2D65E0B2B1BC764009400CD /* CustomTableViewCell.swift in Sources */ = {isa = PBXBuildFile; fileRef = F2D65E0A2B1BC764009400CD /* CustomTableViewCell.swift */; };
		F2DA0D8F2A678ECA005826D0 /* AppDelegate.swift in Sources */ = {isa = PBXBuildFile; fileRef = F2DA0D8E2A678ECA005826D0 /* AppDelegate.swift */; };
		F2DA0D912A678ECA005826D0 /* SceneDelegate.swift in Sources */ = {isa = PBXBuildFile; fileRef = F2DA0D902A678ECA005826D0 /* SceneDelegate.swift */; };
		F2DA0D932A678ECA005826D0 /* ColdBootViewController.swift in Sources */ = {isa = PBXBuildFile; fileRef = F2DA0D922A678ECA005826D0 /* ColdBootViewController.swift */; };
		F2DA0D962A678ECA005826D0 /* Main.storyboard in Resources */ = {isa = PBXBuildFile; fileRef = F2DA0D942A678ECA005826D0 /* Main.storyboard */; };
		F2DA0D992A678ECA005826D0 /* XSPSX.xcdatamodeld in Sources */ = {isa = PBXBuildFile; fileRef = F2DA0D972A678ECA005826D0 /* XSPSX.xcdatamodeld */; };
		F2DA0D9B2A678ECD005826D0 /* Assets.xcassets in Resources */ = {isa = PBXBuildFile; fileRef = F2DA0D9A2A678ECD005826D0 /* Assets.xcassets */; };
		F2DA0D9E2A678ECD005826D0 /* LaunchScreen.storyboard in Resources */ = {isa = PBXBuildFile; fileRef = F2DA0D9C2A678ECD005826D0 /* LaunchScreen.storyboard */; };
		F2DA0DB32A67A5BD005826D0 /* XSPSXViewController.swift in Sources */ = {isa = PBXBuildFile; fileRef = F2DA0DB22A67A5BD005826D0 /* XSPSXViewController.swift */; };
		F2DAF9A82B06950E006117D2 /* 2cyan.mov in Resources */ = {isa = PBXBuildFile; fileRef = F2DAF9A52B06950A006117D2 /* 2cyan.mov */; };
		F2DAF9A92B06950E006117D2 /* 1cyan.mov in Resources */ = {isa = PBXBuildFile; fileRef = F2DAF9A62B06950C006117D2 /* 1cyan.mov */; };
		F2DAF9AA2B06950E006117D2 /* 3xmbCyan.mov in Resources */ = {isa = PBXBuildFile; fileRef = F2DAF9A72B06950E006117D2 /* 3xmbCyan.mov */; };
		F2DAF9AC2B0715B2006117D2 /* musicScreenshot.png in Resources */ = {isa = PBXBuildFile; fileRef = F2DAF9AB2B0715B2006117D2 /* musicScreenshot.png */; };
		F2DAF9B02B07267A006117D2 /* sfx_sysenter.wav in Resources */ = {isa = PBXBuildFile; fileRef = F2DAF9AD2B072676006117D2 /* sfx_sysenter.wav */; };
		F2DAF9B22B07267A006117D2 /* sfxSelect.wav in Resources */ = {isa = PBXBuildFile; fileRef = F2DAF9AF2B07267A006117D2 /* sfxSelect.wav */; };
		F2DAF9B42B072C8D006117D2 /* VideoPlayerViewController.swift in Sources */ = {isa = PBXBuildFile; fileRef = F2DAF9B32B072C8D006117D2 /* VideoPlayerViewController.swift */; };
		F2E025752B048D06001AE9CD /* 109.png in Resources */ = {isa = PBXBuildFile; fileRef = F2E025742B048D06001AE9CD /* 109.png */; };
		F2E199F42B17F8EC00D7D911 /* XSPSXViewController+TableView.swift in Sources */ = {isa = PBXBuildFile; fileRef = F2E199F32B17F8EC00D7D911 /* XSPSXViewController+TableView.swift */; };
		F2E32A842B12EF4700D05BD0 /* sefull.png in Resources */ = {isa = PBXBuildFile; fileRef = F2E32A832B12EF4700D05BD0 /* sefull.png */; };
		F2E32A862B12EF5300D05BD0 /* se.png in Resources */ = {isa = PBXBuildFile; fileRef = F2E32A852B12EF5300D05BD0 /* se.png */; };
		F2E32A882B12F81900D05BD0 /* seBlack.png in Resources */ = {isa = PBXBuildFile; fileRef = F2E32A872B12F81900D05BD0 /* seBlack.png */; };
		F2E32A8A2B12F82300D05BD0 /* toolboxNew.png in Resources */ = {isa = PBXBuildFile; fileRef = F2E32A892B12F82300D05BD0 /* toolboxNew.png */; };
		F2E32A8C2B12F83200D05BD0 /* index.html in Resources */ = {isa = PBXBuildFile; fileRef = F2E32A8B2B12F83200D05BD0 /* index.html */; };
		F2E32A902B12FA0100D05BD0 /* store.html in Resources */ = {isa = PBXBuildFile; fileRef = F2E32A8F2B12FA0100D05BD0 /* store.html */; };
		F2E6CEF62B0882D0004C5965 /* UIColor+Extensions.swift in Sources */ = {isa = PBXBuildFile; fileRef = F2E6CEF52B0882D0004C5965 /* UIColor+Extensions.swift */; };
		F2E96DEB2B13230F000F7644 /* Dark and Silence.mp3 in Resources */ = {isa = PBXBuildFile; fileRef = F2E96DEA2B13230F000F7644 /* Dark and Silence.mp3 */; };
/* End PBXBuildFile section */

/* Begin PBXContainerItemProxy section */
		F2CE859B2B3273AD00E90745 /* PBXContainerItemProxy */ = {
			isa = PBXContainerItemProxy;
			containerPortal = F2CE85952B3273AD00E90745 /* RetroArch_iOS13.xcodeproj */;
			proxyType = 2;
			remoteGlobalIDString = 9204BE2B1D319EF300BD49DB;
			remoteInfo = RetroArchiOS;
		};
		F2CE859D2B3273AD00E90745 /* PBXContainerItemProxy */ = {
			isa = PBXContainerItemProxy;
			containerPortal = F2CE85952B3273AD00E90745 /* RetroArch_iOS13.xcodeproj */;
			proxyType = 2;
			remoteGlobalIDString = 926C77D721FD1E6500103EDE;
			remoteInfo = RetroArchTV;
		};
		F2CE859F2B3273AD00E90745 /* PBXContainerItemProxy */ = {
			isa = PBXContainerItemProxy;
			containerPortal = F2CE85952B3273AD00E90745 /* RetroArch_iOS13.xcodeproj */;
			proxyType = 2;
			remoteGlobalIDString = 9292D6E128F549D000E47A75;
			remoteInfo = RetroArchWidgetExtensionExtension;
		};
		F2CE85A12B32742900E90745 /* PBXContainerItemProxy */ = {
			isa = PBXContainerItemProxy;
			containerPortal = F2CE85952B3273AD00E90745 /* RetroArch_iOS13.xcodeproj */;
			proxyType = 1;
			remoteGlobalIDString = 9204BE091D319EF300BD49DB;
			remoteInfo = RetroArchiOS;
		};
/* End PBXContainerItemProxy section */

/* Begin PBXCopyFilesBuildPhase section */
		F2BD9F272A74A88F00B4304A /* Embed Foundation Extensions */ = {
			isa = PBXCopyFilesBuildPhase;
			buildActionMask = 2147483647;
			dstPath = "";
			dstSubfolderSpec = 13;
			files = (
			);
			name = "Embed Foundation Extensions";
			runOnlyForDeploymentPostprocessing = 0;
		};
/* End PBXCopyFilesBuildPhase section */

/* Begin PBXFileReference section */
		F2066FA12B2E87820016F70B /* Kingdom Hearts - OST.mp3 */ = {isa = PBXFileReference; lastKnownFileType = audio.mp3; path = "Kingdom Hearts - OST.mp3"; sourceTree = "<group>"; };
		F2183AF72B13DD2F00FC3A54 /* README.txt */ = {isa = PBXFileReference; lastKnownFileType = text; path = README.txt; sourceTree = "<group>"; };
		F2183AF92B13DE7B00FC3A54 /* multiMAN Soundtrack (Official).mp3 */ = {isa = PBXFileReference; lastKnownFileType = audio.mp3; path = "multiMAN Soundtrack (Official).mp3"; sourceTree = "<group>"; };
		F21AA16E2B2533C40067DDCD /* FavoritesAlbumViewController.swift */ = {isa = PBXFileReference; lastKnownFileType = sourcecode.swift; path = FavoritesAlbumViewController.swift; sourceTree = "<group>"; };
		F21AA1702B254DB50067DDCD /* (Key) MW2 Terminal +1100.mp4 */ = {isa = PBXFileReference; lastKnownFileType = file; path = "(Key) MW2 Terminal +1100.mp4"; sourceTree = "<group>"; };
		F21AA1722B254DE20067DDCD /* (Key) MW2 Derail Knife shot.mp4 */ = {isa = PBXFileReference; lastKnownFileType = file; path = "(Key) MW2 Derail Knife shot.mp4"; sourceTree = "<group>"; };
		F21AA1742B254DEF0067DDCD /* (Key) MW2 Rust Black hawk Down.mp4 */ = {isa = PBXFileReference; lastKnownFileType = file; path = "(Key) MW2 Rust Black hawk Down.mp4"; sourceTree = "<group>"; };
		F21AA1782B2551A20067DDCD /* (Key) +550 Terminal.mp4 */ = {isa = PBXFileReference; lastKnownFileType = file; path = "(Key) +550 Terminal.mp4"; sourceTree = "<group>"; };
		F21AA17A2B255E510067DDCD /* Stranger Things Theme Song (C418 REMIX).mp3 */ = {isa = PBXFileReference; lastKnownFileType = audio.mp3; path = "Stranger Things Theme Song (C418 REMIX).mp3"; sourceTree = "<group>"; };
		F21AA17C2B25675B0067DDCD /* ColdbootNewest.wav */ = {isa = PBXFileReference; lastKnownFileType = audio.wav; path = ColdbootNewest.wav; sourceTree = "<group>"; };
		F21AA17E2B2567640067DDCD /* lobbyMusic.wav */ = {isa = PBXFileReference; lastKnownFileType = audio.wav; path = lobbyMusic.wav; sourceTree = "<group>"; };
		F21AA1802B2568370067DDCD /* cold0.wav */ = {isa = PBXFileReference; lastKnownFileType = audio.wav; path = cold0.wav; sourceTree = "<group>"; };
		F22204B42B2AADE1005282A8 /* changelog.swift */ = {isa = PBXFileReference; lastKnownFileType = sourcecode.swift; path = changelog.swift; sourceTree = "<group>"; };
		F22204B62B2AAF13005282A8 /* feat unlocked.wav */ = {isa = PBXFileReference; lastKnownFileType = audio.wav; path = "feat unlocked.wav"; sourceTree = "<group>"; };
		F22BDA2D2B09EE2600905AB1 /* titleSong.wav */ = {isa = PBXFileReference; lastKnownFileType = audio.wav; path = titleSong.wav; sourceTree = "<group>"; };
		F231DC062B12C8100007C748 /* Okean Elzi  -  Obnimi (Callmearco Remix).mp3 */ = {isa = PBXFileReference; lastKnownFileType = audio.mp3; path = "Okean Elzi  -  Obnimi (Callmearco Remix).mp3"; sourceTree = "<group>"; };
		F231DC082B12C8D30007C748 /* UpdateInstallViewController.swift */ = {isa = PBXFileReference; lastKnownFileType = sourcecode.swift; path = UpdateInstallViewController.swift; sourceTree = "<group>"; };
		F2367E592B0C59C2002AA348 /* CFW.png */ = {isa = PBXFileReference; lastKnownFileType = image.png; name = CFW.png; path = ../../../../../Documents/xspsxInjectorHTML/CFW.png; sourceTree = "<group>"; };
		F2367E5B2B0C59DA002AA348 /* packageInstallerIcon.png */ = {isa = PBXFileReference; lastKnownFileType = image.png; path = packageInstallerIcon.png; sourceTree = "<group>"; };
		F2367E5D2B0C59E5002AA348 /* patched.jpeg */ = {isa = PBXFileReference; lastKnownFileType = image.jpeg; path = patched.jpeg; sourceTree = "<group>"; };
		F2367E5F2B0C59EF002AA348 /* supporterToken.png */ = {isa = PBXFileReference; lastKnownFileType = image.png; path = supporterToken.png; sourceTree = "<group>"; };
		F2367E612B0C59FA002AA348 /* systemSettingsInstall.png */ = {isa = PBXFileReference; lastKnownFileType = image.png; path = systemSettingsInstall.png; sourceTree = "<group>"; };
		F2367E632B0C5A03002AA348 /* toolboxpkg.jpeg */ = {isa = PBXFileReference; lastKnownFileType = image.jpeg; path = toolboxpkg.jpeg; sourceTree = "<group>"; };
		F2367E652B0C5A0C002AA348 /* toolboxScreenShot.png */ = {isa = PBXFileReference; lastKnownFileType = image.png; path = toolboxScreenShot.png; sourceTree = "<group>"; };
		F2367E692B0C5A28002AA348 /* xspsxRuntime.png */ = {isa = PBXFileReference; lastKnownFileType = image.png; path = xspsxRuntime.png; sourceTree = "<group>"; };
		F2367E6B2B0C5CC7002AA348 /* stepOne.png */ = {isa = PBXFileReference; lastKnownFileType = image.png; path = stepOne.png; sourceTree = "<group>"; };
		F2367E6D2B0C5E1D002AA348 /* devToken.png */ = {isa = PBXFileReference; lastKnownFileType = image.png; path = devToken.png; sourceTree = "<group>"; };
		F238F5222B28DB370021B199 /* 18cyan.mp4 */ = {isa = PBXFileReference; lastKnownFileType = file; path = 18cyan.mp4; sourceTree = "<group>"; };
		F238F5242B28E0A40021B199 /* Xray.mp4 */ = {isa = PBXFileReference; lastKnownFileType = file; path = Xray.mp4; sourceTree = "<group>"; };
		F238F5262B28E0AF0021B199 /* underwaterXMB.mp4 */ = {isa = PBXFileReference; lastKnownFileType = file; path = underwaterXMB.mp4; sourceTree = "<group>"; };
		F238F5282B28E0B30021B199 /* starsXMB.mp4 */ = {isa = PBXFileReference; lastKnownFileType = file; path = starsXMB.mp4; sourceTree = "<group>"; };
		F238F52A2B28E5B40021B199 /* CustomSegmentedControlDelegate.swift */ = {isa = PBXFileReference; lastKnownFileType = sourcecode.swift; path = CustomSegmentedControlDelegate.swift; sourceTree = "<group>"; };
		F23F35E82B170A3800D69D2E /* gentro.mp4 */ = {isa = PBXFileReference; lastKnownFileType = file; path = gentro.mp4; sourceTree = "<group>"; };
		F2426A772B2FD26F006156FB /* cyan4.mp4 */ = {isa = PBXFileReference; lastKnownFileType = file; path = cyan4.mp4; sourceTree = "<group>"; };
		F245D5EB2B0EEB12002A57CD /* about.html */ = {isa = PBXFileReference; fileEncoding = 4; lastKnownFileType = text.html; path = about.html; sourceTree = "<group>"; };
		F245D5ED2B0EEB1B002A57CD /* account.html */ = {isa = PBXFileReference; fileEncoding = 4; lastKnownFileType = text.html; path = account.html; sourceTree = "<group>"; };
		F245D5EF2B0EEB24002A57CD /* login.html */ = {isa = PBXFileReference; fileEncoding = 4; lastKnownFileType = text.html; path = login.html; sourceTree = "<group>"; };
		F245D5F12B0EEB52002A57CD /* profile.jpeg */ = {isa = PBXFileReference; lastKnownFileType = image.jpeg; path = profile.jpeg; sourceTree = "<group>"; };
		F245D5F52B0EF220002A57CD /* Safe House by Feather.mp3 */ = {isa = PBXFileReference; lastKnownFileType = audio.mp3; path = "Safe House by Feather.mp3"; sourceTree = "<group>"; };
		F245D5FD2B0F031D002A57CD /* tomowatchi.png */ = {isa = PBXFileReference; lastKnownFileType = image.png; path = tomowatchi.png; sourceTree = "<group>"; };
		F245D5FF2B0F0327002A57CD /* TomoWatchiIcon.png */ = {isa = PBXFileReference; lastKnownFileType = image.png; path = TomoWatchiIcon.png; sourceTree = "<group>"; };
		F25284D82B215B4C00384F20 /* pupFM0.png */ = {isa = PBXFileReference; lastKnownFileType = image.png; path = pupFM0.png; sourceTree = "<group>"; };
		F2711F872B20317000FA56DA /* epponDreamy.wav */ = {isa = PBXFileReference; lastKnownFileType = audio.wav; path = epponDreamy.wav; sourceTree = "<group>"; };
		F2711F892B20317700FA56DA /* epponStyle.wav */ = {isa = PBXFileReference; lastKnownFileType = audio.wav; path = epponStyle.wav; sourceTree = "<group>"; };
		F280D7552B27C983005690CF /* PlayStation 4 System Music - OFFICIAL Home Menu (HIGH QUALITY).mp3 */ = {isa = PBXFileReference; lastKnownFileType = audio.mp3; path = "PlayStation 4 System Music - OFFICIAL Home Menu (HIGH QUALITY).mp3"; sourceTree = "<group>"; };
		F280D76F2B27E0B0005690CF /* 17cyan.mp4 */ = {isa = PBXFileReference; lastKnownFileType = file; path = 17cyan.mp4; sourceTree = "<group>"; };
		F280D7712B27F097005690CF /* AchievementManager.swift */ = {isa = PBXFileReference; lastKnownFileType = sourcecode.swift; path = AchievementManager.swift; sourceTree = "<group>"; };
		F29510532B098DD100FA33C3 /* Game Game */ = {isa = PBXFileReference; lastKnownFileType = folder; path = "Game Game"; sourceTree = "<group>"; };
		F2A321EA2A775D4400CA39C6 /* rsxXploit.png */ = {isa = PBXFileReference; lastKnownFileType = image.png; path = rsxXploit.png; sourceTree = "<group>"; };
		F2A321EC2A775DD000CA39C6 /* cutie.png */ = {isa = PBXFileReference; lastKnownFileType = image.png; path = cutie.png; sourceTree = "<group>"; };
		F2A321F22A77795A00CA39C6 /* sexySelect.wav */ = {isa = PBXFileReference; lastKnownFileType = audio.wav; path = sexySelect.wav; sourceTree = "<group>"; };
		F2B3251F2A6F9AD70054B5CB /* WebKit.framework */ = {isa = PBXFileReference; lastKnownFileType = wrapper.framework; name = WebKit.framework; path = System/Library/Frameworks/WebKit.framework; sourceTree = SDKROOT; };
		F2B325212A6FA1520054B5CB /* WebViewController.swift */ = {isa = PBXFileReference; lastKnownFileType = sourcecode.swift; path = WebViewController.swift; sourceTree = "<group>"; };
		F2B3FC332B0DC40F00EF1530 /* landscapeInjector.jpeg */ = {isa = PBXFileReference; lastKnownFileType = image.jpeg; path = landscapeInjector.jpeg; sourceTree = "<group>"; };
		F2B3FC372B0DC6DC00EF1530 /* safari0.jpeg */ = {isa = PBXFileReference; lastKnownFileType = image.jpeg; path = safari0.jpeg; sourceTree = "<group>"; };
		F2B3FC432B0DF36100EF1530 /* xstore.png */ = {isa = PBXFileReference; lastKnownFileType = image.png; path = xstore.png; sourceTree = "<group>"; };
		F2B3FC472B0DF38C00EF1530 /* gameplay.png */ = {isa = PBXFileReference; lastKnownFileType = image.png; path = gameplay.png; sourceTree = "<group>"; };
		F2B3FC492B0DF39700EF1530 /* gameOver.png */ = {isa = PBXFileReference; lastKnownFileType = image.png; path = gameOver.png; sourceTree = "<group>"; };
		F2B3FC4B2B0DF3A700EF1530 /* eternalKingdomsIcon.png */ = {isa = PBXFileReference; lastKnownFileType = image.png; path = eternalKingdomsIcon.png; sourceTree = "<group>"; };
		F2B3FC4F2B0DF56700EF1530 /* gameZero.png */ = {isa = PBXFileReference; lastKnownFileType = image.png; path = gameZero.png; sourceTree = "<group>"; };
		F2BAA2B12A70D71600530BDB /* SystemSettingsViewController.swift */ = {isa = PBXFileReference; lastKnownFileType = sourcecode.swift; path = SystemSettingsViewController.swift; sourceTree = "<group>"; };
		F2BAA2B32A70F78D00530BDB /* AudioManager.swift */ = {isa = PBXFileReference; lastKnownFileType = sourcecode.swift; path = AudioManager.swift; sourceTree = "<group>"; };
		F2BAA2BB2A717D0A00530BDB /* selectCute.wav */ = {isa = PBXFileReference; lastKnownFileType = audio.wav; path = selectCute.wav; sourceTree = "<group>"; };
		F2BAA2BD2A719A8A00530BDB /* selectCute2.wav */ = {isa = PBXFileReference; lastKnownFileType = audio.wav; path = selectCute2.wav; sourceTree = "<group>"; };
		F2BAA2C32A71A66A00530BDB /* coldbootFinal.wav */ = {isa = PBXFileReference; lastKnownFileType = audio.wav; path = coldbootFinal.wav; sourceTree = "<group>"; };
		F2BAA2D72A7216EB00530BDB /* JailbreakManager.swift */ = {isa = PBXFileReference; lastKnownFileType = sourcecode.swift; path = JailbreakManager.swift; sourceTree = "<group>"; };
		F2BAA2DF2A72379F00530BDB /* Back.wav */ = {isa = PBXFileReference; lastKnownFileType = audio.wav; path = Back.wav; sourceTree = "<group>"; };
		F2BB1A8C2B1EC84700C99C1D /* eternalKingdoms.png */ = {isa = PBXFileReference; lastKnownFileType = image.png; path = eternalKingdoms.png; sourceTree = "<group>"; };
		F2BB1A8E2B1EC90A00C99C1D /* toolboxBest0.png */ = {isa = PBXFileReference; lastKnownFileType = image.png; path = toolboxBest0.png; sourceTree = "<group>"; };
		F2BB1A902B1EC92700C99C1D /* spoofer0.png */ = {isa = PBXFileReference; lastKnownFileType = image.png; path = spoofer0.png; sourceTree = "<group>"; };
		F2BB1A922B1EC9F600C99C1D /* pkg0.png */ = {isa = PBXFileReference; lastKnownFileType = image.png; path = pkg0.png; sourceTree = "<group>"; };
		F2BB1A942B1ED11400C99C1D /* safari01.png */ = {isa = PBXFileReference; lastKnownFileType = image.png; path = safari01.png; sourceTree = "<group>"; };
		F2BB1A962B1ED17900C99C1D /* 111dex.jpeg */ = {isa = PBXFileReference; lastKnownFileType = image.jpeg; path = 111dex.jpeg; sourceTree = "<group>"; };
		F2BB1A982B1ED25800C99C1D /* 111Toolbox.jpeg */ = {isa = PBXFileReference; lastKnownFileType = image.jpeg; path = 111Toolbox.jpeg; sourceTree = "<group>"; };
		F2BB1A9A2B1ED38700C99C1D /* vision.png */ = {isa = PBXFileReference; lastKnownFileType = image.png; path = vision.png; sourceTree = "<group>"; };
		F2BB1A9C2B1ED65C00C99C1D /* pupIcon0.png */ = {isa = PBXFileReference; lastKnownFileType = image.png; path = pupIcon0.png; sourceTree = "<group>"; };
		F2BB1A9E2B1ED9A200C99C1D /* SpooferViewController.swift */ = {isa = PBXFileReference; lastKnownFileType = sourcecode.swift; path = SpooferViewController.swift; sourceTree = "<group>"; };
		F2BB1AA02B1EE25000C99C1D /* SystemData.swift */ = {isa = PBXFileReference; lastKnownFileType = sourcecode.swift; path = SystemData.swift; sourceTree = "<group>"; };
		F2BBD5032A688C2500DB2B9C /* GameBootViewController.swift */ = {isa = PBXFileReference; lastKnownFileType = sourcecode.swift; path = GameBootViewController.swift; sourceTree = "<group>"; };
		F2BDEAD62A732A4500B172C8 /* xploit.png */ = {isa = PBXFileReference; lastKnownFileType = image.png; path = xploit.png; sourceTree = "<group>"; };
		F2BDEADC2A7358FE00B172C8 /* RsxToolboxViewController.swift */ = {isa = PBXFileReference; lastKnownFileType = sourcecode.swift; path = RsxToolboxViewController.swift; sourceTree = "<group>"; };
		F2BE763F2A7A097D008261F5 /* toolboxIcon.png */ = {isa = PBXFileReference; lastKnownFileType = image.png; path = toolboxIcon.png; sourceTree = "<group>"; };
		F2BE76432A7A0C3B008261F5 /* DesktopViewController.swift */ = {isa = PBXFileReference; lastKnownFileType = sourcecode.swift; path = DesktopViewController.swift; sourceTree = "<group>"; };
		F2BE76452A7A0D7F008261F5 /* mouse pointer.png */ = {isa = PBXFileReference; lastKnownFileType = image.png; path = "mouse pointer.png"; sourceTree = "<group>"; };
		F2BE76492A7A11F3008261F5 /* pupIcon.png */ = {isa = PBXFileReference; lastKnownFileType = image.png; path = pupIcon.png; sourceTree = "<group>"; };
		F2C0B3102B2EC81400048D1C /* cold00.wav */ = {isa = PBXFileReference; lastKnownFileType = audio.wav; path = cold00.wav; sourceTree = "<group>"; };
		F2C0B3122B2EC92100048D1C /* cold000.wav */ = {isa = PBXFileReference; lastKnownFileType = audio.wav; path = cold000.wav; sourceTree = "<group>"; };
		F2C0B3142B2ED01000048D1C /* (Key) +500 Sub Base.mp4 */ = {isa = PBXFileReference; lastKnownFileType = file; path = "(Key) +500 Sub Base.mp4"; sourceTree = "<group>"; };
		F2C2C76E2B297B5F002DB087 /* psClick.wav */ = {isa = PBXFileReference; lastKnownFileType = audio.wav; path = psClick.wav; sourceTree = "<group>"; };
		F2C2C7702B298509002DB087 /* War Drums Meditation.mp3 */ = {isa = PBXFileReference; lastKnownFileType = audio.mp3; path = "War Drums Meditation.mp3"; sourceTree = "<group>"; };
		F2CC91762B008C6400C927CC /* MusicPlayerViewController.swift */ = {isa = PBXFileReference; lastKnownFileType = sourcecode.swift; path = MusicPlayerViewController.swift; sourceTree = "<group>"; };
		F2CE85952B3273AD00E90745 /* RetroArch_iOS13.xcodeproj */ = {isa = PBXFileReference; lastKnownFileType = "wrapper.pb-project"; name = RetroArch_iOS13.xcodeproj; path = ../../RetroArch/pkg/apple/RetroArch_iOS13.xcodeproj; sourceTree = "<group>"; };
		F2CE85A52B3282B900E90745 /* 5cyan.mp4 */ = {isa = PBXFileReference; lastKnownFileType = file; name = 5cyan.mp4; path = ../../../../../Downloads/5cyan.mp4; sourceTree = "<group>"; };
		F2D15CBC2B0B01AC000D69D4 /* xspsxinjtr.png */ = {isa = PBXFileReference; lastKnownFileType = image.png; path = xspsxinjtr.png; sourceTree = "<group>"; };
		F2D15CBE2B0B026B000D69D4 /* xspsxinjtrClear.png */ = {isa = PBXFileReference; lastKnownFileType = image.png; path = xspsxinjtrClear.png; sourceTree = "<group>"; };
		F2D43BA62B2027E7009820E7 /* MessageViewController.swift */ = {isa = PBXFileReference; lastKnownFileType = sourcecode.swift; path = MessageViewController.swift; sourceTree = "<group>"; };
		F2D65E0A2B1BC764009400CD /* CustomTableViewCell.swift */ = {isa = PBXFileReference; lastKnownFileType = sourcecode.swift; path = CustomTableViewCell.swift; sourceTree = "<group>"; };
		F2DA0D8B2A678ECA005826D0 /* XSPSX.app */ = {isa = PBXFileReference; explicitFileType = wrapper.application; includeInIndex = 0; path = XSPSX.app; sourceTree = BUILT_PRODUCTS_DIR; };
		F2DA0D8E2A678ECA005826D0 /* AppDelegate.swift */ = {isa = PBXFileReference; lastKnownFileType = sourcecode.swift; path = AppDelegate.swift; sourceTree = "<group>"; };
		F2DA0D902A678ECA005826D0 /* SceneDelegate.swift */ = {isa = PBXFileReference; lastKnownFileType = sourcecode.swift; path = SceneDelegate.swift; sourceTree = "<group>"; };
		F2DA0D922A678ECA005826D0 /* ColdBootViewController.swift */ = {isa = PBXFileReference; lastKnownFileType = sourcecode.swift; path = ColdBootViewController.swift; sourceTree = "<group>"; };
		F2DA0D952A678ECA005826D0 /* Base */ = {isa = PBXFileReference; lastKnownFileType = file.storyboard; name = Base; path = Base.lproj/Main.storyboard; sourceTree = "<group>"; };
		F2DA0D982A678ECA005826D0 /* XSPSX.xcdatamodel */ = {isa = PBXFileReference; lastKnownFileType = wrapper.xcdatamodel; path = XSPSX.xcdatamodel; sourceTree = "<group>"; };
		F2DA0D9A2A678ECD005826D0 /* Assets.xcassets */ = {isa = PBXFileReference; lastKnownFileType = folder.assetcatalog; path = Assets.xcassets; sourceTree = "<group>"; };
		F2DA0D9D2A678ECD005826D0 /* Base */ = {isa = PBXFileReference; lastKnownFileType = file.storyboard; name = Base; path = Base.lproj/LaunchScreen.storyboard; sourceTree = "<group>"; };
		F2DA0D9F2A678ECD005826D0 /* Info.plist */ = {isa = PBXFileReference; lastKnownFileType = text.plist.xml; path = Info.plist; sourceTree = "<group>"; };
		F2DA0DB22A67A5BD005826D0 /* XSPSXViewController.swift */ = {isa = PBXFileReference; lastKnownFileType = sourcecode.swift; path = XSPSXViewController.swift; sourceTree = "<group>"; };
		F2DAF9A52B06950A006117D2 /* 2cyan.mov */ = {isa = PBXFileReference; lastKnownFileType = video.quicktime; path = 2cyan.mov; sourceTree = "<group>"; };
		F2DAF9A62B06950C006117D2 /* 1cyan.mov */ = {isa = PBXFileReference; lastKnownFileType = video.quicktime; path = 1cyan.mov; sourceTree = "<group>"; };
		F2DAF9A72B06950E006117D2 /* 3xmbCyan.mov */ = {isa = PBXFileReference; lastKnownFileType = video.quicktime; path = 3xmbCyan.mov; sourceTree = "<group>"; };
		F2DAF9AB2B0715B2006117D2 /* musicScreenshot.png */ = {isa = PBXFileReference; lastKnownFileType = image.png; path = musicScreenshot.png; sourceTree = "<group>"; };
		F2DAF9AD2B072676006117D2 /* sfx_sysenter.wav */ = {isa = PBXFileReference; lastKnownFileType = audio.wav; path = sfx_sysenter.wav; sourceTree = "<group>"; };
		F2DAF9AF2B07267A006117D2 /* sfxSelect.wav */ = {isa = PBXFileReference; lastKnownFileType = audio.wav; path = sfxSelect.wav; sourceTree = "<group>"; };
		F2DAF9B32B072C8D006117D2 /* VideoPlayerViewController.swift */ = {isa = PBXFileReference; lastKnownFileType = sourcecode.swift; path = VideoPlayerViewController.swift; sourceTree = "<group>"; };
		F2E025742B048D06001AE9CD /* 109.png */ = {isa = PBXFileReference; lastKnownFileType = image.png; name = 109.png; path = XSPSX/Assets.xcassets/109.imageset/109.png; sourceTree = SOURCE_ROOT; };
		F2E199F32B17F8EC00D7D911 /* XSPSXViewController+TableView.swift */ = {isa = PBXFileReference; lastKnownFileType = sourcecode.swift; path = "XSPSXViewController+TableView.swift"; sourceTree = "<group>"; };
		F2E32A832B12EF4700D05BD0 /* sefull.png */ = {isa = PBXFileReference; lastKnownFileType = image.png; path = sefull.png; sourceTree = "<group>"; };
		F2E32A852B12EF5300D05BD0 /* se.png */ = {isa = PBXFileReference; lastKnownFileType = image.png; path = se.png; sourceTree = "<group>"; };
		F2E32A872B12F81900D05BD0 /* seBlack.png */ = {isa = PBXFileReference; lastKnownFileType = image.png; path = seBlack.png; sourceTree = "<group>"; };
		F2E32A892B12F82300D05BD0 /* toolboxNew.png */ = {isa = PBXFileReference; lastKnownFileType = image.png; path = toolboxNew.png; sourceTree = "<group>"; };
		F2E32A8B2B12F83200D05BD0 /* index.html */ = {isa = PBXFileReference; fileEncoding = 4; lastKnownFileType = text.html; path = index.html; sourceTree = "<group>"; };
		F2E32A8F2B12FA0100D05BD0 /* store.html */ = {isa = PBXFileReference; fileEncoding = 4; lastKnownFileType = text.html; path = store.html; sourceTree = "<group>"; };
		F2E6CEF52B0882D0004C5965 /* UIColor+Extensions.swift */ = {isa = PBXFileReference; lastKnownFileType = sourcecode.swift; path = "UIColor+Extensions.swift"; sourceTree = "<group>"; };
		F2E96DEA2B13230F000F7644 /* Dark and Silence.mp3 */ = {isa = PBXFileReference; lastKnownFileType = audio.mp3; path = "Dark and Silence.mp3"; sourceTree = "<group>"; };
/* End PBXFileReference section */

/* Begin PBXFrameworksBuildPhase section */
		F2DA0D882A678ECA005826D0 /* Frameworks */ = {
			isa = PBXFrameworksBuildPhase;
			buildActionMask = 2147483647;
			files = (
				F2B325202A6F9AD70054B5CB /* WebKit.framework in Frameworks */,
				F2CE85A42B3275E600E90745 /* AltKit in Frameworks */,
			);
			runOnlyForDeploymentPostprocessing = 0;
		};
/* End PBXFrameworksBuildPhase section */

/* Begin PBXGroup section */
		F2B3251E2A6F9AD70054B5CB /* Frameworks */ = {
			isa = PBXGroup;
			children = (
				F2B3251F2A6F9AD70054B5CB /* WebKit.framework */,
			);
			name = Frameworks;
			sourceTree = "<group>";
		};
		F2BDEACE2A73279900B172C8 /* HTML  */ = {
			isa = PBXGroup;
			children = (
				F2E32A8B2B12F83200D05BD0 /* index.html */,
				F245D5EB2B0EEB12002A57CD /* about.html */,
				F2E32A8F2B12FA0100D05BD0 /* store.html */,
				F245D5ED2B0EEB1B002A57CD /* account.html */,
				F245D5EF2B0EEB24002A57CD /* login.html */,
				F2BB1A962B1ED17900C99C1D /* 111dex.jpeg */,
				F2BB1A9A2B1ED38700C99C1D /* vision.png */,
				F2BB1A982B1ED25800C99C1D /* 111Toolbox.jpeg */,
				F2BB1A9C2B1ED65C00C99C1D /* pupIcon0.png */,
				F25284D82B215B4C00384F20 /* pupFM0.png */,
				F2BB1A942B1ED11400C99C1D /* safari01.png */,
				F2BB1A8E2B1EC90A00C99C1D /* toolboxBest0.png */,
				F245D5F12B0EEB52002A57CD /* profile.jpeg */,
				F2BB1A922B1EC9F600C99C1D /* pkg0.png */,
				F2E32A852B12EF5300D05BD0 /* se.png */,
				F2E32A832B12EF4700D05BD0 /* sefull.png */,
				F2D15CBE2B0B026B000D69D4 /* xspsxinjtrClear.png */,
				F2D15CBC2B0B01AC000D69D4 /* xspsxinjtr.png */,
				F2367E6B2B0C5CC7002AA348 /* stepOne.png */,
				F2367E612B0C59FA002AA348 /* systemSettingsInstall.png */,
				F2E32A872B12F81900D05BD0 /* seBlack.png */,
				F2BB1A902B1EC92700C99C1D /* spoofer0.png */,
				F2B3FC4F2B0DF56700EF1530 /* gameZero.png */,
				F2B3FC4B2B0DF3A700EF1530 /* eternalKingdomsIcon.png */,
				F2BB1A8C2B1EC84700C99C1D /* eternalKingdoms.png */,
				F2B3FC372B0DC6DC00EF1530 /* safari0.jpeg */,
				F245D5FF2B0F0327002A57CD /* TomoWatchiIcon.png */,
				F2E32A892B12F82300D05BD0 /* toolboxNew.png */,
				F2B3FC492B0DF39700EF1530 /* gameOver.png */,
				F245D5FD2B0F031D002A57CD /* tomowatchi.png */,
				F2367E632B0C5A03002AA348 /* toolboxpkg.jpeg */,
				F2B3FC472B0DF38C00EF1530 /* gameplay.png */,
				F2B3FC332B0DC40F00EF1530 /* landscapeInjector.jpeg */,
				F2367E652B0C5A0C002AA348 /* toolboxScreenShot.png */,
				F2367E692B0C5A28002AA348 /* xspsxRuntime.png */,
				F2367E5B2B0C59DA002AA348 /* packageInstallerIcon.png */,
				F2367E5F2B0C59EF002AA348 /* supporterToken.png */,
				F2367E6D2B0C5E1D002AA348 /* devToken.png */,
				F2367E5D2B0C59E5002AA348 /* patched.jpeg */,
				F2BDEAD62A732A4500B172C8 /* xploit.png */,
				F2367E592B0C59C2002AA348 /* CFW.png */,
				F2E025742B048D06001AE9CD /* 109.png */,
				F2B3FC432B0DF36100EF1530 /* xstore.png */,
				F2A321EA2A775D4400CA39C6 /* rsxXploit.png */,
				F2A321EC2A775DD000CA39C6 /* cutie.png */,
			);
			path = "HTML ";
			sourceTree = "<group>";
		};
		F2BDEACF2A7327AB00B172C8 /* Category Images */ = {
			isa = PBXGroup;
			children = (
				F2BE763F2A7A097D008261F5 /* toolboxIcon.png */,
				F2BE76492A7A11F3008261F5 /* pupIcon.png */,
				F2DAF9AB2B0715B2006117D2 /* musicScreenshot.png */,
				F2BE76452A7A0D7F008261F5 /* mouse pointer.png */,
			);
			path = "Category Images";
			sourceTree = "<group>";
		};
		F2BDEAD02A7327D600B172C8 /* coldboot Rsc */ = {
			isa = PBXGroup;
			children = (
				F2DAF9A62B06950C006117D2 /* 1cyan.mov */,
				F2DAF9A52B06950A006117D2 /* 2cyan.mov */,
				F2DAF9A72B06950E006117D2 /* 3xmbCyan.mov */,
				F2426A772B2FD26F006156FB /* cyan4.mp4 */,
				F2CE85A52B3282B900E90745 /* 5cyan.mp4 */,
				F238F5242B28E0A40021B199 /* Xray.mp4 */,
				F238F5262B28E0AF0021B199 /* underwaterXMB.mp4 */,
				F238F5282B28E0B30021B199 /* starsXMB.mp4 */,
				F280D76F2B27E0B0005690CF /* 17cyan.mp4 */,
				F238F5222B28DB370021B199 /* 18cyan.mp4 */,
				F23F35E82B170A3800D69D2E /* gentro.mp4 */,
				F21AA1702B254DB50067DDCD /* (Key) MW2 Terminal +1100.mp4 */,
				F21AA1722B254DE20067DDCD /* (Key) MW2 Derail Knife shot.mp4 */,
				F21AA1742B254DEF0067DDCD /* (Key) MW2 Rust Black hawk Down.mp4 */,
				F21AA1782B2551A20067DDCD /* (Key) +550 Terminal.mp4 */,
				F2C0B3142B2ED01000048D1C /* (Key) +500 Sub Base.mp4 */,
			);
			path = "coldboot Rsc";
			sourceTree = "<group>";
		};
		F2BDEAD32A73281000B172C8 /* Sounds */ = {
			isa = PBXGroup;
			children = (
				F2C2C7702B298509002DB087 /* War Drums Meditation.mp3 */,
				F21AA17A2B255E510067DDCD /* Stranger Things Theme Song (C418 REMIX).mp3 */,
				F231DC062B12C8100007C748 /* Okean Elzi  -  Obnimi (Callmearco Remix).mp3 */,
				F2183AF92B13DE7B00FC3A54 /* multiMAN Soundtrack (Official).mp3 */,
				F245D5F52B0EF220002A57CD /* Safe House by Feather.mp3 */,
				F2066FA12B2E87820016F70B /* Kingdom Hearts - OST.mp3 */,
				F280D7552B27C983005690CF /* PlayStation 4 System Music - OFFICIAL Home Menu (HIGH QUALITY).mp3 */,
				F22204B62B2AAF13005282A8 /* feat unlocked.wav */,
				F2BAA2DF2A72379F00530BDB /* Back.wav */,
				F2BAA2BB2A717D0A00530BDB /* selectCute.wav */,
				F2BAA2BD2A719A8A00530BDB /* selectCute2.wav */,
				F2BAA2C32A71A66A00530BDB /* coldbootFinal.wav */,
				F2711F872B20317000FA56DA /* epponDreamy.wav */,
				F2711F892B20317700FA56DA /* epponStyle.wav */,
				F2A321F22A77795A00CA39C6 /* sexySelect.wav */,
				F2C2C76E2B297B5F002DB087 /* psClick.wav */,
				F2DAF9AD2B072676006117D2 /* sfx_sysenter.wav */,
				F2E96DEA2B13230F000F7644 /* Dark and Silence.mp3 */,
				F22BDA2D2B09EE2600905AB1 /* titleSong.wav */,
				F2DAF9AF2B07267A006117D2 /* sfxSelect.wav */,
				F21AA17C2B25675B0067DDCD /* ColdbootNewest.wav */,
				F2C0B3122B2EC92100048D1C /* cold000.wav */,
				F2C0B3102B2EC81400048D1C /* cold00.wav */,
				F21AA1802B2568370067DDCD /* cold0.wav */,
				F21AA17E2B2567640067DDCD /* lobbyMusic.wav */,
			);
			path = Sounds;
			sourceTree = "<group>";
		};
		F2CE85962B3273AD00E90745 /* Products */ = {
			isa = PBXGroup;
			children = (
				F2CE859C2B3273AD00E90745 /* RetroArch.app */,
				F2CE859E2B3273AD00E90745 /* RetroArchTV.app */,
				F2CE85A02B3273AD00E90745 /* RetroArchWidgetExtensionExtension.appex */,
			);
			name = Products;
			sourceTree = "<group>";
		};
		F2DA0D822A678ECA005826D0 = {
			isa = PBXGroup;
			children = (
				F2CE85952B3273AD00E90745 /* RetroArch_iOS13.xcodeproj */,
				F2183AF72B13DD2F00FC3A54 /* README.txt */,
				F2DA0D8D2A678ECA005826D0 /* XSPSX */,
				F2DA0D8C2A678ECA005826D0 /* Products */,
				F2B3251E2A6F9AD70054B5CB /* Frameworks */,
			);
			sourceTree = "<group>";
		};
		F2DA0D8C2A678ECA005826D0 /* Products */ = {
			isa = PBXGroup;
			children = (
				F2DA0D8B2A678ECA005826D0 /* XSPSX.app */,
			);
			name = Products;
			sourceTree = "<group>";
		};
		F2DA0D8D2A678ECA005826D0 /* XSPSX */ = {
			isa = PBXGroup;
			children = (
				F29510532B098DD100FA33C3 /* Game Game */,
				F2BDEACE2A73279900B172C8 /* HTML  */,
				F2BDEAD32A73281000B172C8 /* Sounds */,
				F2BDEACF2A7327AB00B172C8 /* Category Images */,
				F2BDEAD02A7327D600B172C8 /* coldboot Rsc */,
				F2BAA2D72A7216EB00530BDB /* JailbreakManager.swift */,
				F2DA0D8E2A678ECA005826D0 /* AppDelegate.swift */,
				F2BAA2B32A70F78D00530BDB /* AudioManager.swift */,
				F2D43BA62B2027E7009820E7 /* MessageViewController.swift */,
				F2BB1AA02B1EE25000C99C1D /* SystemData.swift */,
				F238F52A2B28E5B40021B199 /* CustomSegmentedControlDelegate.swift */,
				F2E6CEF52B0882D0004C5965 /* UIColor+Extensions.swift */,
				F21AA16E2B2533C40067DDCD /* FavoritesAlbumViewController.swift */,
				F2E199F32B17F8EC00D7D911 /* XSPSXViewController+TableView.swift */,
				F2DA0D902A678ECA005826D0 /* SceneDelegate.swift */,
				F2DA0D922A678ECA005826D0 /* ColdBootViewController.swift */,
				F2CC91762B008C6400C927CC /* MusicPlayerViewController.swift */,
				F2DA0DB22A67A5BD005826D0 /* XSPSXViewController.swift */,
				F2DAF9B32B072C8D006117D2 /* VideoPlayerViewController.swift */,
				F2BBD5032A688C2500DB2B9C /* GameBootViewController.swift */,
				F2BE76432A7A0C3B008261F5 /* DesktopViewController.swift */,
				F2D65E0A2B1BC764009400CD /* CustomTableViewCell.swift */,
				F280D7712B27F097005690CF /* AchievementManager.swift */,
				F231DC082B12C8D30007C748 /* UpdateInstallViewController.swift */,
				F2B325212A6FA1520054B5CB /* WebViewController.swift */,
				F2BAA2B12A70D71600530BDB /* SystemSettingsViewController.swift */,
				F2BDEADC2A7358FE00B172C8 /* RsxToolboxViewController.swift */,
				F2BB1A9E2B1ED9A200C99C1D /* SpooferViewController.swift */,
				F2DA0D942A678ECA005826D0 /* Main.storyboard */,
				F2DA0D9A2A678ECD005826D0 /* Assets.xcassets */,
				F2DA0D9C2A678ECD005826D0 /* LaunchScreen.storyboard */,
				F22204B42B2AADE1005282A8 /* changelog.swift */,
				F2DA0D9F2A678ECD005826D0 /* Info.plist */,
				F2DA0D972A678ECA005826D0 /* XSPSX.xcdatamodeld */,
			);
			path = XSPSX;
			sourceTree = "<group>";
		};
/* End PBXGroup section */

/* Begin PBXNativeTarget section */
		F2DA0D8A2A678ECA005826D0 /* XSPSX */ = {
			isa = PBXNativeTarget;
			buildConfigurationList = F2DA0DA22A678ECD005826D0 /* Build configuration list for PBXNativeTarget "XSPSX" */;
			buildPhases = (
				F2DA0D872A678ECA005826D0 /* Sources */,
				F2DA0D882A678ECA005826D0 /* Frameworks */,
				F2DA0D892A678ECA005826D0 /* Resources */,
				F2BD9F272A74A88F00B4304A /* Embed Foundation Extensions */,
			);
			buildRules = (
			);
			dependencies = (
				F2CE85A22B32742900E90745 /* PBXTargetDependency */,
			);
			name = XSPSX;
			packageProductDependencies = (
				F2CE85A32B3275E600E90745 /* AltKit */,
			);
			productName = XSPSX;
			productReference = F2DA0D8B2A678ECA005826D0 /* XSPSX.app */;
			productType = "com.apple.product-type.application";
		};
/* End PBXNativeTarget section */

/* Begin PBXProject section */
		F2DA0D832A678ECA005826D0 /* Project object */ = {
			isa = PBXProject;
			attributes = {
				BuildIndependentTargetsInParallel = 1;
				LastSwiftUpdateCheck = 1430;
				LastUpgradeCheck = 1500;
				TargetAttributes = {
					F2DA0D8A2A678ECA005826D0 = {
						CreatedOnToolsVersion = 14.3;
					};
				};
			};
			buildConfigurationList = F2DA0D862A678ECA005826D0 /* Build configuration list for PBXProject "XSPSX" */;
			compatibilityVersion = "Xcode 14.0";
			developmentRegion = en;
			hasScannedForEncodings = 0;
			knownRegions = (
				en,
				Base,
			);
			mainGroup = F2DA0D822A678ECA005826D0;
			productRefGroup = F2DA0D8C2A678ECA005826D0 /* Products */;
			projectDirPath = "";
			projectReferences = (
				{
					ProductGroup = F2CE85962B3273AD00E90745 /* Products */;
					ProjectRef = F2CE85952B3273AD00E90745 /* RetroArch_iOS13.xcodeproj */;
				},
			);
			projectRoot = "";
			targets = (
				F2DA0D8A2A678ECA005826D0 /* XSPSX */,
			);
		};
/* End PBXProject section */

/* Begin PBXReferenceProxy section */
		F2CE859C2B3273AD00E90745 /* RetroArch.app */ = {
			isa = PBXReferenceProxy;
			fileType = wrapper.application;
			path = RetroArch.app;
			remoteRef = F2CE859B2B3273AD00E90745 /* PBXContainerItemProxy */;
			sourceTree = BUILT_PRODUCTS_DIR;
		};
		F2CE859E2B3273AD00E90745 /* RetroArchTV.app */ = {
			isa = PBXReferenceProxy;
			fileType = wrapper.application;
			path = RetroArchTV.app;
			remoteRef = F2CE859D2B3273AD00E90745 /* PBXContainerItemProxy */;
			sourceTree = BUILT_PRODUCTS_DIR;
		};
		F2CE85A02B3273AD00E90745 /* RetroArchWidgetExtensionExtension.appex */ = {
			isa = PBXReferenceProxy;
			fileType = "wrapper.app-extension";
			path = RetroArchWidgetExtensionExtension.appex;
			remoteRef = F2CE859F2B3273AD00E90745 /* PBXContainerItemProxy */;
			sourceTree = BUILT_PRODUCTS_DIR;
		};
/* End PBXReferenceProxy section */

/* Begin PBXResourcesBuildPhase section */
		F2DA0D892A678ECA005826D0 /* Resources */ = {
			isa = PBXResourcesBuildPhase;
			buildActionMask = 2147483647;
			files = (
				F280D7562B27C983005690CF /* PlayStation 4 System Music - OFFICIAL Home Menu (HIGH QUALITY).mp3 in Resources */,
				F2367E5E2B0C59E5002AA348 /* patched.jpeg in Resources */,
				F2A321ED2A775DD000CA39C6 /* cutie.png in Resources */,
				F2BB1A912B1EC92700C99C1D /* spoofer0.png in Resources */,
				F2BB1A992B1ED25800C99C1D /* 111Toolbox.jpeg in Resources */,
				F2BAA2BC2A717D0B00530BDB /* selectCute.wav in Resources */,
				F245D5FE2B0F031D002A57CD /* tomowatchi.png in Resources */,
				F2E025752B048D06001AE9CD /* 109.png in Resources */,
				F21AA1712B254DB60067DDCD /* (Key) MW2 Terminal +1100.mp4 in Resources */,
				F2BB1A9B2B1ED38700C99C1D /* vision.png in Resources */,
				F2BAA2E02A72379F00530BDB /* Back.wav in Resources */,
				F2B3FC4A2B0DF39700EF1530 /* gameOver.png in Resources */,
				F2BB1A8F2B1EC90A00C99C1D /* toolboxBest0.png in Resources */,
				F2BE76462A7A0D7F008261F5 /* mouse pointer.png in Resources */,
				F22BDA2E2B09EE2600905AB1 /* titleSong.wav in Resources */,
				F2367E622B0C59FA002AA348 /* systemSettingsInstall.png in Resources */,
				F245D5F22B0EEB52002A57CD /* profile.jpeg in Resources */,
				F2E96DEB2B13230F000F7644 /* Dark and Silence.mp3 in Resources */,
				F2DAF9AC2B0715B2006117D2 /* musicScreenshot.png in Resources */,
				F2367E6E2B0C5E1D002AA348 /* devToken.png in Resources */,
				F2BAA2BE2A719A8A00530BDB /* selectCute2.wav in Resources */,
				F2367E6A2B0C5A28002AA348 /* xspsxRuntime.png in Resources */,
				F2B3FC4C2B0DF3A700EF1530 /* eternalKingdomsIcon.png in Resources */,
				F2A321EB2A775D4400CA39C6 /* rsxXploit.png in Resources */,
				F29510542B098DD100FA33C3 /* Game Game in Resources */,
				F21AA17F2B2567640067DDCD /* lobbyMusic.wav in Resources */,
				F2711F8A2B20317700FA56DA /* epponStyle.wav in Resources */,
				F22204B72B2AAF13005282A8 /* feat unlocked.wav in Resources */,
				F245D6002B0F0327002A57CD /* TomoWatchiIcon.png in Resources */,
				F2BE76402A7A097D008261F5 /* toolboxIcon.png in Resources */,
				F238F5252B28E0A40021B199 /* Xray.mp4 in Resources */,
				F2C2C7712B298509002DB087 /* War Drums Meditation.mp3 in Resources */,
				F245D5F02B0EEB25002A57CD /* login.html in Resources */,
				F2B3FC502B0DF56700EF1530 /* gameZero.png in Resources */,
				F21AA1732B254DE20067DDCD /* (Key) MW2 Derail Knife shot.mp4 in Resources */,
				F2CE85A62B3282B900E90745 /* 5cyan.mp4 in Resources */,
				F21AA1792B2551A20067DDCD /* (Key) +550 Terminal.mp4 in Resources */,
				F2DAF9B02B07267A006117D2 /* sfx_sysenter.wav in Resources */,
				F2BB1A9D2B1ED65C00C99C1D /* pupIcon0.png in Resources */,
				F2E32A8C2B12F83200D05BD0 /* index.html in Resources */,
				F2367E5C2B0C59DA002AA348 /* packageInstallerIcon.png in Resources */,
				F238F5232B28DB370021B199 /* 18cyan.mp4 in Resources */,
				F2C0B3132B2EC92100048D1C /* cold000.wav in Resources */,
				F2B3FC442B0DF36200EF1530 /* xstore.png in Resources */,
				F2C0B3112B2EC81400048D1C /* cold00.wav in Resources */,
				F2B3FC382B0DC6DC00EF1530 /* safari0.jpeg in Resources */,
				F21AA1812B2568370067DDCD /* cold0.wav in Resources */,
				F2BE764A2A7A11F3008261F5 /* pupIcon.png in Resources */,
				F245D5EE2B0EEB1B002A57CD /* account.html in Resources */,
				F2DA0D9E2A678ECD005826D0 /* LaunchScreen.storyboard in Resources */,
				F2711F882B20317000FA56DA /* epponDreamy.wav in Resources */,
				F21AA17D2B25675B0067DDCD /* ColdbootNewest.wav in Resources */,
				F2C2C76F2B297B5F002DB087 /* psClick.wav in Resources */,
				F2E32A902B12FA0100D05BD0 /* store.html in Resources */,
				F23F35E92B170A3900D69D2E /* gentro.mp4 in Resources */,
				F2DAF9A82B06950E006117D2 /* 2cyan.mov in Resources */,
				F2367E662B0C5A0C002AA348 /* toolboxScreenShot.png in Resources */,
				F2DA0D9B2A678ECD005826D0 /* Assets.xcassets in Resources */,
				F2BB1A972B1ED17A00C99C1D /* 111dex.jpeg in Resources */,
				F2E32A842B12EF4700D05BD0 /* sefull.png in Resources */,
				F21AA17B2B255E510067DDCD /* Stranger Things Theme Song (C418 REMIX).mp3 in Resources */,
				F2A321F32A77795A00CA39C6 /* sexySelect.wav in Resources */,
				F2426A782B2FD270006156FB /* cyan4.mp4 in Resources */,
				F2367E642B0C5A03002AA348 /* toolboxpkg.jpeg in Resources */,
				F231DC072B12C8100007C748 /* Okean Elzi  -  Obnimi (Callmearco Remix).mp3 in Resources */,
				F25284D92B215B4C00384F20 /* pupFM0.png in Resources */,
				F2183AF82B13DD2F00FC3A54 /* README.txt in Resources */,
				F2066FA22B2E87820016F70B /* Kingdom Hearts - OST.mp3 in Resources */,
				F2D15CBD2B0B01AC000D69D4 /* xspsxinjtr.png in Resources */,
				F2BDEAD72A732A4500B172C8 /* xploit.png in Resources */,
				F2BB1A952B1ED11400C99C1D /* safari01.png in Resources */,
				F280D7702B27E0B0005690CF /* 17cyan.mp4 in Resources */,
				F238F5292B28E0B30021B199 /* starsXMB.mp4 in Resources */,
				F2BB1A932B1EC9F600C99C1D /* pkg0.png in Resources */,
				F2BB1A8D2B1EC84700C99C1D /* eternalKingdoms.png in Resources */,
				F2BAA2C42A71A66A00530BDB /* coldbootFinal.wav in Resources */,
				F2B3FC342B0DC40F00EF1530 /* landscapeInjector.jpeg in Resources */,
				F2D15CBF2B0B026B000D69D4 /* xspsxinjtrClear.png in Resources */,
				F245D5F62B0EF221002A57CD /* Safe House by Feather.mp3 in Resources */,
				F2DAF9B22B07267A006117D2 /* sfxSelect.wav in Resources */,
				F2C0B3152B2ED01000048D1C /* (Key) +500 Sub Base.mp4 in Resources */,
				F2DAF9A92B06950E006117D2 /* 1cyan.mov in Resources */,
				F2367E6C2B0C5CC8002AA348 /* stepOne.png in Resources */,
				F2367E602B0C59EF002AA348 /* supporterToken.png in Resources */,
				F2E32A862B12EF5300D05BD0 /* se.png in Resources */,
				F2367E5A2B0C59C2002AA348 /* CFW.png in Resources */,
				F2DAF9AA2B06950E006117D2 /* 3xmbCyan.mov in Resources */,
				F238F5272B28E0AF0021B199 /* underwaterXMB.mp4 in Resources */,
				F2183AFA2B13DE7B00FC3A54 /* multiMAN Soundtrack (Official).mp3 in Resources */,
				F2E32A882B12F81900D05BD0 /* seBlack.png in Resources */,
				F2DA0D962A678ECA005826D0 /* Main.storyboard in Resources */,
				F21AA1752B254DEF0067DDCD /* (Key) MW2 Rust Black hawk Down.mp4 in Resources */,
				F2E32A8A2B12F82300D05BD0 /* toolboxNew.png in Resources */,
				F245D5EC2B0EEB12002A57CD /* about.html in Resources */,
				F2B3FC482B0DF38C00EF1530 /* gameplay.png in Resources */,
			);
			runOnlyForDeploymentPostprocessing = 0;
		};
/* End PBXResourcesBuildPhase section */

/* Begin PBXSourcesBuildPhase section */
		F2DA0D872A678ECA005826D0 /* Sources */ = {
			isa = PBXSourcesBuildPhase;
			buildActionMask = 2147483647;
			files = (
				F2D65E0B2B1BC764009400CD /* CustomTableViewCell.swift in Sources */,
				F2DA0D992A678ECA005826D0 /* XSPSX.xcdatamodeld in Sources */,
				F21AA16F2B2533C40067DDCD /* FavoritesAlbumViewController.swift in Sources */,
				F2BB1A9F2B1ED9A200C99C1D /* SpooferViewController.swift in Sources */,
				F2DA0D932A678ECA005826D0 /* ColdBootViewController.swift in Sources */,
				F2E199F42B17F8EC00D7D911 /* XSPSXViewController+TableView.swift in Sources */,
				F2DA0DB32A67A5BD005826D0 /* XSPSXViewController.swift in Sources */,
				F2BAA2D82A7216EB00530BDB /* JailbreakManager.swift in Sources */,
				F2BBD5042A688C2500DB2B9C /* GameBootViewController.swift in Sources */,
				F2DA0D8F2A678ECA005826D0 /* AppDelegate.swift in Sources */,
				F2CC91772B008C6400C927CC /* MusicPlayerViewController.swift in Sources */,
				F2BB1AA12B1EE25000C99C1D /* SystemData.swift in Sources */,
				F2BAA2B22A70D71600530BDB /* SystemSettingsViewController.swift in Sources */,
				F2DA0D912A678ECA005826D0 /* SceneDelegate.swift in Sources */,
				F2D43BA72B2027E7009820E7 /* MessageViewController.swift in Sources */,
				F2BDEADD2A7358FE00B172C8 /* RsxToolboxViewController.swift in Sources */,
				F2E6CEF62B0882D0004C5965 /* UIColor+Extensions.swift in Sources */,
				F2BAA2B42A70F78D00530BDB /* AudioManager.swift in Sources */,
				F238F52B2B28E5B40021B199 /* CustomSegmentedControlDelegate.swift in Sources */,
				F280D7722B27F097005690CF /* AchievementManager.swift in Sources */,
				F22204B52B2AADE1005282A8 /* changelog.swift in Sources */,
				F2DAF9B42B072C8D006117D2 /* VideoPlayerViewController.swift in Sources */,
				F2B325222A6FA1520054B5CB /* WebViewController.swift in Sources */,
				F2BE76442A7A0C3B008261F5 /* DesktopViewController.swift in Sources */,
				F231DC092B12C8D30007C748 /* UpdateInstallViewController.swift in Sources */,
			);
			runOnlyForDeploymentPostprocessing = 0;
		};
/* End PBXSourcesBuildPhase section */

/* Begin PBXTargetDependency section */
		F2CE85A22B32742900E90745 /* PBXTargetDependency */ = {
			isa = PBXTargetDependency;
			name = RetroArchiOS;
			targetProxy = F2CE85A12B32742900E90745 /* PBXContainerItemProxy */;
		};
/* End PBXTargetDependency section */

/* Begin PBXVariantGroup section */
		F2DA0D942A678ECA005826D0 /* Main.storyboard */ = {
			isa = PBXVariantGroup;
			children = (
				F2DA0D952A678ECA005826D0 /* Base */,
			);
			name = Main.storyboard;
			sourceTree = "<group>";
		};
		F2DA0D9C2A678ECD005826D0 /* LaunchScreen.storyboard */ = {
			isa = PBXVariantGroup;
			children = (
				F2DA0D9D2A678ECD005826D0 /* Base */,
			);
			name = LaunchScreen.storyboard;
			sourceTree = "<group>";
		};
/* End PBXVariantGroup section */

/* Begin XCBuildConfiguration section */
		F2DA0DA02A678ECD005826D0 /* Debug */ = {
			isa = XCBuildConfiguration;
			buildSettings = {
				ALWAYS_SEARCH_USER_PATHS = NO;
				ASSETCATALOG_COMPILER_GENERATE_SWIFT_ASSET_SYMBOL_EXTENSIONS = YES;
				CLANG_ANALYZER_NONNULL = YES;
				CLANG_ANALYZER_NUMBER_OBJECT_CONVERSION = YES_AGGRESSIVE;
				CLANG_CXX_LANGUAGE_STANDARD = "gnu++20";
				CLANG_ENABLE_MODULES = YES;
				CLANG_ENABLE_OBJC_ARC = YES;
				CLANG_ENABLE_OBJC_WEAK = YES;
				CLANG_WARN_BLOCK_CAPTURE_AUTORELEASING = YES;
				CLANG_WARN_BOOL_CONVERSION = YES;
				CLANG_WARN_COMMA = YES;
				CLANG_WARN_CONSTANT_CONVERSION = YES;
				CLANG_WARN_DEPRECATED_OBJC_IMPLEMENTATIONS = YES;
				CLANG_WARN_DIRECT_OBJC_ISA_USAGE = YES_ERROR;
				CLANG_WARN_DOCUMENTATION_COMMENTS = YES;
				CLANG_WARN_EMPTY_BODY = YES;
				CLANG_WARN_ENUM_CONVERSION = YES;
				CLANG_WARN_INFINITE_RECURSION = YES;
				CLANG_WARN_INT_CONVERSION = YES;
				CLANG_WARN_NON_LITERAL_NULL_CONVERSION = YES;
				CLANG_WARN_OBJC_IMPLICIT_RETAIN_SELF = YES;
				CLANG_WARN_OBJC_LITERAL_CONVERSION = YES;
				CLANG_WARN_OBJC_ROOT_CLASS = YES_ERROR;
				CLANG_WARN_QUOTED_INCLUDE_IN_FRAMEWORK_HEADER = YES;
				CLANG_WARN_RANGE_LOOP_ANALYSIS = YES;
				CLANG_WARN_STRICT_PROTOTYPES = YES;
				CLANG_WARN_SUSPICIOUS_MOVE = YES;
				CLANG_WARN_UNGUARDED_AVAILABILITY = YES_AGGRESSIVE;
				CLANG_WARN_UNREACHABLE_CODE = YES;
				CLANG_WARN__DUPLICATE_METHOD_MATCH = YES;
				COPY_PHASE_STRIP = NO;
				DEBUG_INFORMATION_FORMAT = dwarf;
				ENABLE_STRICT_OBJC_MSGSEND = YES;
				ENABLE_TESTABILITY = YES;
				ENABLE_USER_SCRIPT_SANDBOXING = YES;
				GCC_C_LANGUAGE_STANDARD = gnu11;
				GCC_DYNAMIC_NO_PIC = NO;
				GCC_NO_COMMON_BLOCKS = YES;
				GCC_OPTIMIZATION_LEVEL = 0;
				GCC_PREPROCESSOR_DEFINITIONS = (
					"DEBUG=1",
					"$(inherited)",
				);
				GCC_WARN_64_TO_32_BIT_CONVERSION = YES;
				GCC_WARN_ABOUT_RETURN_TYPE = YES_ERROR;
				GCC_WARN_UNDECLARED_SELECTOR = YES;
				GCC_WARN_UNINITIALIZED_AUTOS = YES_AGGRESSIVE;
				GCC_WARN_UNUSED_FUNCTION = YES;
				GCC_WARN_UNUSED_VARIABLE = YES;
				IPHONEOS_DEPLOYMENT_TARGET = 16.4;
				MTL_ENABLE_DEBUG_INFO = INCLUDE_SOURCE;
				MTL_FAST_MATH = YES;
				ONLY_ACTIVE_ARCH = YES;
				SDKROOT = iphoneos;
				SWIFT_ACTIVE_COMPILATION_CONDITIONS = DEBUG;
				SWIFT_OPTIMIZATION_LEVEL = "-Onone";
			};
			name = Debug;
		};
		F2DA0DA12A678ECD005826D0 /* Release */ = {
			isa = XCBuildConfiguration;
			buildSettings = {
				ALWAYS_SEARCH_USER_PATHS = NO;
				ASSETCATALOG_COMPILER_GENERATE_SWIFT_ASSET_SYMBOL_EXTENSIONS = YES;
				CLANG_ANALYZER_NONNULL = YES;
				CLANG_ANALYZER_NUMBER_OBJECT_CONVERSION = YES_AGGRESSIVE;
				CLANG_CXX_LANGUAGE_STANDARD = "gnu++20";
				CLANG_ENABLE_MODULES = YES;
				CLANG_ENABLE_OBJC_ARC = YES;
				CLANG_ENABLE_OBJC_WEAK = YES;
				CLANG_WARN_BLOCK_CAPTURE_AUTORELEASING = YES;
				CLANG_WARN_BOOL_CONVERSION = YES;
				CLANG_WARN_COMMA = YES;
				CLANG_WARN_CONSTANT_CONVERSION = YES;
				CLANG_WARN_DEPRECATED_OBJC_IMPLEMENTATIONS = YES;
				CLANG_WARN_DIRECT_OBJC_ISA_USAGE = YES_ERROR;
				CLANG_WARN_DOCUMENTATION_COMMENTS = YES;
				CLANG_WARN_EMPTY_BODY = YES;
				CLANG_WARN_ENUM_CONVERSION = YES;
				CLANG_WARN_INFINITE_RECURSION = YES;
				CLANG_WARN_INT_CONVERSION = YES;
				CLANG_WARN_NON_LITERAL_NULL_CONVERSION = YES;
				CLANG_WARN_OBJC_IMPLICIT_RETAIN_SELF = YES;
				CLANG_WARN_OBJC_LITERAL_CONVERSION = YES;
				CLANG_WARN_OBJC_ROOT_CLASS = YES_ERROR;
				CLANG_WARN_QUOTED_INCLUDE_IN_FRAMEWORK_HEADER = YES;
				CLANG_WARN_RANGE_LOOP_ANALYSIS = YES;
				CLANG_WARN_STRICT_PROTOTYPES = YES;
				CLANG_WARN_SUSPICIOUS_MOVE = YES;
				CLANG_WARN_UNGUARDED_AVAILABILITY = YES_AGGRESSIVE;
				CLANG_WARN_UNREACHABLE_CODE = YES;
				CLANG_WARN__DUPLICATE_METHOD_MATCH = YES;
				COPY_PHASE_STRIP = NO;
				DEBUG_INFORMATION_FORMAT = "dwarf-with-dsym";
				ENABLE_NS_ASSERTIONS = NO;
				ENABLE_STRICT_OBJC_MSGSEND = YES;
				ENABLE_USER_SCRIPT_SANDBOXING = YES;
				GCC_C_LANGUAGE_STANDARD = gnu11;
				GCC_NO_COMMON_BLOCKS = YES;
				GCC_WARN_64_TO_32_BIT_CONVERSION = YES;
				GCC_WARN_ABOUT_RETURN_TYPE = YES_ERROR;
				GCC_WARN_UNDECLARED_SELECTOR = YES;
				GCC_WARN_UNINITIALIZED_AUTOS = YES_AGGRESSIVE;
				GCC_WARN_UNUSED_FUNCTION = YES;
				GCC_WARN_UNUSED_VARIABLE = YES;
				IPHONEOS_DEPLOYMENT_TARGET = 16.4;
				MTL_ENABLE_DEBUG_INFO = NO;
				MTL_FAST_MATH = YES;
				SDKROOT = iphoneos;
				SWIFT_COMPILATION_MODE = wholemodule;
				SWIFT_OPTIMIZATION_LEVEL = "-O";
				VALIDATE_PRODUCT = YES;
			};
			name = Release;
		};
		F2DA0DA32A678ECD005826D0 /* Debug */ = {
			isa = XCBuildConfiguration;
			buildSettings = {
				ALWAYS_EMBED_SWIFT_STANDARD_LIBRARIES = YES;
				ASSETCATALOG_COMPILER_APPICON_NAME = AppIcon;
				ASSETCATALOG_COMPILER_GLOBAL_ACCENT_COLOR_NAME = AccentColor;
				ASSETCATALOG_COMPILER_INCLUDE_ALL_APPICON_ASSETS = NO;
				CODE_SIGN_STYLE = Automatic;
				CURRENT_PROJECT_VERSION = 1;
				DEVELOPMENT_TEAM = 56797U673N;
				GENERATE_INFOPLIST_FILE = YES;
				INFOPLIST_FILE = XSPSX/Info.plist;
				INFOPLIST_KEY_NSPhotoLibraryUsageDescription = "We need access to your photo library to display your Favorites album.";
				INFOPLIST_KEY_UIApplicationSupportsIndirectInputEvents = YES;
				INFOPLIST_KEY_UILaunchStoryboardName = LaunchScreen;
				INFOPLIST_KEY_UIMainStoryboardFile = Main;
				INFOPLIST_KEY_UISupportedInterfaceOrientations = "UIInterfaceOrientationLandscapeLeft UIInterfaceOrientationLandscapeRight";
				INFOPLIST_KEY_UISupportedInterfaceOrientations_iPad = "UIInterfaceOrientationLandscapeLeft UIInterfaceOrientationLandscapeRight UIInterfaceOrientationPortrait UIInterfaceOrientationPortraitUpsideDown";
				LD_RUNPATH_SEARCH_PATHS = (
					"$(inherited)",
					"@executable_path/Frameworks",
				);
				MARKETING_VERSION = 1.0;
				PRODUCT_BUNDLE_IDENTIFIER = com.wyattkerkes.XSPSX;
				PRODUCT_NAME = "$(TARGET_NAME)";
				SUPPORTED_PLATFORMS = "iphoneos iphonesimulator";
				SUPPORTS_MACCATALYST = NO;
				SUPPORTS_MAC_DESIGNED_FOR_IPHONE_IPAD = NO;
				SWIFT_EMIT_LOC_STRINGS = YES;
				SWIFT_VERSION = 5.0;
				TARGETED_DEVICE_FAMILY = 1;
			};
			name = Debug;
		};
		F2DA0DA42A678ECD005826D0 /* Release */ = {
			isa = XCBuildConfiguration;
			buildSettings = {
				ALWAYS_EMBED_SWIFT_STANDARD_LIBRARIES = YES;
				ASSETCATALOG_COMPILER_APPICON_NAME = AppIcon;
				ASSETCATALOG_COMPILER_GLOBAL_ACCENT_COLOR_NAME = AccentColor;
				ASSETCATALOG_COMPILER_INCLUDE_ALL_APPICON_ASSETS = NO;
				CODE_SIGN_STYLE = Automatic;
				CURRENT_PROJECT_VERSION = 1;
				DEVELOPMENT_TEAM = 56797U673N;
				GENERATE_INFOPLIST_FILE = YES;
				INFOPLIST_FILE = XSPSX/Info.plist;
				INFOPLIST_KEY_NSPhotoLibraryUsageDescription = "We need access to your photo library to display your Favorites album.";
				INFOPLIST_KEY_UIApplicationSupportsIndirectInputEvents = YES;
				INFOPLIST_KEY_UILaunchStoryboardName = LaunchScreen;
				INFOPLIST_KEY_UIMainStoryboardFile = Main;
				INFOPLIST_KEY_UISupportedInterfaceOrientations = "UIInterfaceOrientationLandscapeLeft UIInterfaceOrientationLandscapeRight";
				INFOPLIST_KEY_UISupportedInterfaceOrientations_iPad = "UIInterfaceOrientationLandscapeLeft UIInterfaceOrientationLandscapeRight UIInterfaceOrientationPortrait UIInterfaceOrientationPortraitUpsideDown";
				LD_RUNPATH_SEARCH_PATHS = (
					"$(inherited)",
					"@executable_path/Frameworks",
				);
				MARKETING_VERSION = 1.0;
				PRODUCT_BUNDLE_IDENTIFIER = com.wyattkerkes.XSPSX;
				PRODUCT_NAME = "$(TARGET_NAME)";
				SUPPORTED_PLATFORMS = "iphoneos iphonesimulator";
				SUPPORTS_MACCATALYST = NO;
				SUPPORTS_MAC_DESIGNED_FOR_IPHONE_IPAD = NO;
				SWIFT_EMIT_LOC_STRINGS = YES;
				SWIFT_VERSION = 5.0;
				TARGETED_DEVICE_FAMILY = 1;
			};
			name = Release;
		};
/* End XCBuildConfiguration section */

/* Begin XCConfigurationList section */
		F2DA0D862A678ECA005826D0 /* Build configuration list for PBXProject "XSPSX" */ = {
			isa = XCConfigurationList;
			buildConfigurations = (
				F2DA0DA02A678ECD005826D0 /* Debug */,
				F2DA0DA12A678ECD005826D0 /* Release */,
			);
			defaultConfigurationIsVisible = 0;
			defaultConfigurationName = Release;
		};
		F2DA0DA22A678ECD005826D0 /* Build configuration list for PBXNativeTarget "XSPSX" */ = {
			isa = XCConfigurationList;
			buildConfigurations = (
				F2DA0DA32A678ECD005826D0 /* Debug */,
				F2DA0DA42A678ECD005826D0 /* Release */,
			);
			defaultConfigurationIsVisible = 0;
			defaultConfigurationName = Release;
		};
/* End XCConfigurationList section */

/* Begin XCSwiftPackageProductDependency section */
		F2CE85A32B3275E600E90745 /* AltKit */ = {
			isa = XCSwiftPackageProductDependency;
			productName = AltKit;
		};
/* End XCSwiftPackageProductDependency section */

/* Begin XCVersionGroup section */
		F2DA0D972A678ECA005826D0 /* XSPSX.xcdatamodeld */ = {
			isa = XCVersionGroup;
			children = (
				F2DA0D982A678ECA005826D0 /* XSPSX.xcdatamodel */,
			);
			currentVersion = F2DA0D982A678ECA005826D0 /* XSPSX.xcdatamodel */;
			path = XSPSX.xcdatamodeld;
			sourceTree = "<group>";
			versionGroupType = wrapper.xcdatamodel;
		};
/* End XCVersionGroup section */
	};
	rootObject = F2DA0D832A678ECA005826D0 /* Project object */;
}
